{
  "version": 4,
  "terraform_version": "1.15.8",
  "serial": 1,
  "lineage": "07a217eb-e75d-87e1-6455-320e6d8a9eaa",
  "outputs": {},
  "resources": [
    {
      "mode": "managed",
      "type": "local_file",
      "name": "server_config",
      "provider": "provider[\"registry.terraform.io/hashicorp/local\"]",
      "instances": [
        {
          "schema_version": 0,
          "attributes": {
            "content": "Server Environment Setup via Terraform for DevOps Pipeline",
            "content_base64": null,
            "content_base64sha256": "url9wA45VawSDhZS2f/4uiKuV9QDVt1KL5/chm2ms/s=",
            "content_base64sha512": "RoMWMNNEg8ain1E7MPxUYo7gdUn08T/APj9OHvYYHgX+vJdzcRDK/6wAgnwQcONaJHaDP7a/8ZBM6F+go/dpKg==",
            "content_md5": "086480ec775bb7cbe9fa8cdce811cd24",
            "content_sha1": "2127247519b88cc5ab513a8fae329b3350e7e61d",
            "content_sha256": "bab97dc00e3955ac120e1652d9fff8ba22ae57d40356dd4a2f9fdc866da6b3fb",
            "content_sha512": "46831630d34483c6a29f513b30fc54628ee07549f4f13fc03e3f4e1ef6181e05febc97737110caffac00827c1070e35a2476833fb6bff1904ce85fa0a3f7692a",
            "directory_permission": "0777",
            "file_permission": "0777",
            "filename": "./server_setup.txt",
            "id": "2127247519b88cc5ab513a8fae329b3350e7e61d",
            "sensitive_content": null,
            "source": null
          },
          "sensitive_attributes": [
            [
              {
                "type": "get_attr",
                "value": "sensitive_content"
              }
            ]
          ],
          "identity_schema_version": 0
        }
      ]
    }
  ],
  "check_results": null
}
